
Microsoft Visual Studio Solution File, Format Version 12.00
# Visual Studio Version 17
VisualStudioVersion = 17.10.35013.160
MinimumVisualStudioVersion = 10.0.40219.1
Project("{FAE04EC0-301F-11D3-BF4B-00C04F79EFBC}") = "Home_work_Model_9", "Home_work_Model_9\Home_work_Model_9.csproj", "{1542941D-45AD-4FFE-8AFD-C9AABB14F37D}"
EndProject
Project("{FAE04EC0-301F-11D3-BF4B-00C04F79EFBC}") = "Home_work_Model_9_2", "Home_work_Model_9_2\Home_work_Model_9_2.csproj", "{F2C7CA12-3512-4641-9A30-CFEC6FA0313D}"
EndProject
Project("{FAE04EC0-301F-11D3-BF4B-00C04F79EFBC}") = "Home_work_Model_9_3", "Home_work_Model_9_3\Home_work_Model_9_3.csproj", "{E4436841-39F6-4547-9676-0D8AE453E61A}"
EndProject
Global
	GlobalSection(SolutionConfigurationPlatforms) = preSolution
		Debug|Any CPU = Debug|Any CPU
		Release|Any CPU = Release|Any CPU
	EndGlobalSection
	GlobalSection(ProjectConfigurationPlatforms) = postSolution
		{1542941D-45AD-4FFE-8AFD-C9AABB14F37D}.Debug|Any CPU.ActiveCfg = Debug|Any CPU
		{1542941D-45AD-4FFE-8AFD-C9AABB14F37D}.Debug|Any CPU.Build.0 = Debug|Any CPU
		{1542941D-45AD-4FFE-8AFD-C9AABB14F37D}.Release|Any CPU.ActiveCfg = Release|Any CPU
		{1542941D-45AD-4FFE-8AFD-C9AABB14F37D}.Release|Any CPU.Build.0 = Release|Any CPU
		{F2C7CA12-3512-4641-9A30-CFEC6FA0313D}.Debug|Any CPU.ActiveCfg = Debug|Any CPU
		{F2C7CA12-3512-4641-9A30-CFEC6FA0313D}.Debug|Any CPU.Build.0 = Debug|Any CPU
		{F2C7CA12-3512-4641-9A30-CFEC6FA0313D}.Release|Any CPU.ActiveCfg = Release|Any CPU
		{F2C7CA12-3512-4641-9A30-CFEC6FA0313D}.Release|Any CPU.Build.0 = Release|Any CPU
		{E4436841-39F6-4547-9676-0D8AE453E61A}.Debug|Any CPU.ActiveCfg = Debug|Any CPU
		{E4436841-39F6-4547-9676-0D8AE453E61A}.Debug|Any CPU.Build.0 = Debug|Any CPU
		{E4436841-39F6-4547-9676-0D8AE453E61A}.Release|Any CPU.ActiveCfg = Release|Any CPU
		{E4436841-39F6-4547-9676-0D8AE453E61A}.Release|Any CPU.Build.0 = Release|Any CPU
	EndGlobalSection
	GlobalSection(SolutionProperties) = preSolution
		HideSolutionNode = FALSE
	EndGlobalSection
	GlobalSection(ExtensibilityGlobals) = postSolution
		SolutionGuid = {8C24D3B9-A878-4FAE-9017-0E4F4F5D6327}
	EndGlobalSection
EndGlobal
